
Microsoft Visual Studio Solution File, Format Version 12.00
# Visual Studio Version 16
VisualStudioVersion = 16.0.31729.503
MinimumVisualStudioVersion = 10.0.40219.1
Project("{FAE04EC0-301F-11D3-BF4B-00C04F79EFBC}") = "WindowsFormsApp1", "WindowsFormsApp1\WindowsFormsApp1.csproj", "{1885D427-5F4D-4C3A-9639-05436EEFBDF2}"
EndProject
Global
	GlobalSection(SolutionConfigurationPlatforms) = preSolution
		Debug|Any CPU = Debug|Any CPU
		Release|Any CPU = Release|Any CPU
	EndGlobalSection
	GlobalSection(ProjectConfigurationPlatforms) = postSolution
		{1885D427-5F4D-4C3A-9639-05436EEFBDF2}.Debug|Any CPU.ActiveCfg = Debug|Any CPU
		{1885D427-5F4D-4C3A-9639-05436EEFBDF2}.Debug|Any CPU.Build.0 = Debug|Any CPU
		{1885D427-5F4D-4C3A-9639-05436EEFBDF2}.Release|Any CPU.ActiveCfg = Release|Any CPU
		{1885D427-5F4D-4C3A-9639-05436EEFBDF2}.Release|Any CPU.Build.0 = Release|Any CPU
	EndGlobalSection
	GlobalSection(SolutionProperties) = preSolution
		HideSolutionNode = FALSE
	EndGlobalSection
	GlobalSection(ExtensibilityGlobals) = postSolution
		SolutionGuid = {ED9BD8BE-912B-4373-81BA-92534447A025}
	EndGlobalSection
EndGlobal
